
Microsoft Visual Studio Solution File, Format Version 12.00
# Visual Studio Version 17
VisualStudioVersion = 17.7.34031.279
MinimumVisualStudioVersion = 10.0.40219.1
Project("{FAE04EC0-301F-11D3-BF4B-00C04F79EFBC}") = "webapifoto", "webapifoto\webapifoto.csproj", "{7F673279-DE6F-46DF-A3CA-CE54875F5140}"
EndProject
Global
	GlobalSection(SolutionConfigurationPlatforms) = preSolution
		Debug|Any CPU = Debug|Any CPU
		Release|Any CPU = Release|Any CPU
	EndGlobalSection
	GlobalSection(ProjectConfigurationPlatforms) = postSolution
		{7F673279-DE6F-46DF-A3CA-CE54875F5140}.Debug|Any CPU.ActiveCfg = Debug|Any CPU
		{7F673279-DE6F-46DF-A3CA-CE54875F5140}.Debug|Any CPU.Build.0 = Debug|Any CPU
		{7F673279-DE6F-46DF-A3CA-CE54875F5140}.Release|Any CPU.ActiveCfg = Release|Any CPU
		{7F673279-DE6F-46DF-A3CA-CE54875F5140}.Release|Any CPU.Build.0 = Release|Any CPU
	EndGlobalSection
	GlobalSection(SolutionProperties) = preSolution
		HideSolutionNode = FALSE
	EndGlobalSection
	GlobalSection(ExtensibilityGlobals) = postSolution
		SolutionGuid = {451377DE-940D-4D2D-9A42-E1531FB26B9D}
	EndGlobalSection
EndGlobal
